
Microsoft Visual Studio Solution File, Format Version 12.00
# Visual Studio Version 16
VisualStudioVersion = 16.0.29613.14
MinimumVisualStudioVersion = 10.0.40219.1
Project("{9A19103F-16F7-4668-BE54-9A1E7A4F7556}") = "CTS.Applens.WorkProfiler.UI", "CTS.Applens.WorkProfiler.UI\CTS.Applens.WorkProfiler.UI.csproj", "{701B8A02-745F-4A4C-90C2-D40564AAE29F}"
EndProject
Global
	GlobalSection(SolutionConfigurationPlatforms) = preSolution
		Debug|Any CPU = Debug|Any CPU
		Release|Any CPU = Release|Any CPU
	EndGlobalSection
	GlobalSection(ProjectConfigurationPlatforms) = postSolution
		{701B8A02-745F-4A4C-90C2-D40564AAE29F}.Debug|Any CPU.ActiveCfg = Debug|Any CPU
		{701B8A02-745F-4A4C-90C2-D40564AAE29F}.Debug|Any CPU.Build.0 = Debug|Any CPU
		{701B8A02-745F-4A4C-90C2-D40564AAE29F}.Release|Any CPU.ActiveCfg = Release|Any CPU
		{701B8A02-745F-4A4C-90C2-D40564AAE29F}.Release|Any CPU.Build.0 = Release|Any CPU
	EndGlobalSection
	GlobalSection(SolutionProperties) = preSolution
		HideSolutionNode = FALSE
	EndGlobalSection
	GlobalSection(ExtensibilityGlobals) = postSolution
		SolutionGuid = {2947EB9C-AA16-4F38-9CF8-DC54B1EAAA61}
	EndGlobalSection
	GlobalSection(TeamFoundationVersionControl) = preSolution
		SccNumberOfProjects = 2
		SccEnterpriseProvider = {4CA58AB2-18FA-4F8D-95D4-32DDF27D184C}
		SccTeamFoundationServer = http://ctsc01208639701:8080/tfs/globalmanagedservices
		SccLocalPath0 = .
		SccProjectUniqueName1 = CTS.Applens.WorkProfiler.UI\\CTS.Applens.WorkProfiler.UI.csproj
		SccProjectName1 = CTS.Applens.WorkProfiler.UI
		SccLocalPath1 = CTS.Applens.WorkProfiler.UI
	EndGlobalSection
EndGlobal
